// !$*UTF8*$!
{
	archiveVersion = 1;
	classes = {
	};
	objectVersion = 54;
	objects = {

/* Begin PBXBuildFile section */
		00E356F31AD99517003FC87E /* gesturesAndAnimationWorkshopTests.m in Sources */ = {isa = PBXBuildFile; fileRef = 00E356F21AD99517003FC87E /* gesturesAndAnimationWorkshopTests.m */; };
		06192F9653625E0536769E7D /* libPods-gesturesAndAnimationWorkshop.a in Frameworks */ = {isa = PBXBuildFile; fileRef = 0D5FDB4D611444BFCCF73020 /* libPods-gesturesAndAnimationWorkshop.a */; };
		13B07FBC1A68108700A75B9A /* AppDelegate.m in Sources */ = {isa = PBXBuildFile; fileRef = 13B07FB01A68108700A75B9A /* AppDelegate.m */; };
		13B07FBF1A68108700A75B9A /* Images.xcassets in Resources */ = {isa = PBXBuildFile; fileRef = 13B07FB51A68108700A75B9A /* Images.xcassets */; };
		13B07FC11A68108700A75B9A /* main.m in Sources */ = {isa = PBXBuildFile; fileRef = 13B07FB71A68108700A75B9A /* main.m */; };
		7FE592E96A899704FA7DA56E /* libPods-gesturesAndAnimationWorkshop-gesturesAndAnimationWorkshopTests.a in Frameworks */ = {isa = PBXBuildFile; fileRef = 6982BFC1A3AF4CFBCF6FC073 /* libPods-gesturesAndAnimationWorkshop-gesturesAndAnimationWorkshopTests.a */; };
		81AB9BB82411601600AC10FF /* LaunchScreen.storyboard in Resources */ = {isa = PBXBuildFile; fileRef = 81AB9BB72411601600AC10FF /* LaunchScreen.storyboard */; };
		EC5BB33847BF43BB9E42C9F1 /* card1.png in Resources */ = {isa = PBXBuildFile; fileRef = AC231810A27147E4AD4FF9AD /* card1.png */; };
		B42B0BBB43D847A2B28366C2 /* card2.png in Resources */ = {isa = PBXBuildFile; fileRef = 5626E843A63042319A62D518 /* card2.png */; };
		8013B157149E421D9513CADD /* card3.png in Resources */ = {isa = PBXBuildFile; fileRef = 6D9D858D1E524906827CA63C /* card3.png */; };
		85A64842AA7B4AEBBBF58EF9 /* card4.png in Resources */ = {isa = PBXBuildFile; fileRef = 7CB4434C1775421DB3E28EDE /* card4.png */; };
		660A474AAD394615973D242B /* card5.png in Resources */ = {isa = PBXBuildFile; fileRef = C015D94715784C34A0810CA1 /* card5.png */; };
		F8EF8C6557884AE982AE5510 /* card6.png in Resources */ = {isa = PBXBuildFile; fileRef = E559259DF0CA40DEBB8EE962 /* card6.png */; };
		5B89B0F0139A4DF695F582BA /* animations.png in Resources */ = {isa = PBXBuildFile; fileRef = 908F31C76C03460996476AF1 /* animations.png */; };
		724F534AA3FE4C3BB3D8CFF7 /* gestures.png in Resources */ = {isa = PBXBuildFile; fileRef = 8D3517B155004C70B3E53D60 /* gestures.png */; };
		EA46C5B02277499EA8C5A508 /* heart-of-the-matter.png in Resources */ = {isa = PBXBuildFile; fileRef = AADF6587DAE74BE1B91186DB /* heart-of-the-matter.png */; };
		EE77CAA3397646F4BFFA600E /* svg-animations.png in Resources */ = {isa = PBXBuildFile; fileRef = 1F45B4EB9F304170B221432B /* svg-animations.png */; };
		D956EA3B951A4D81AD7DE108 /* transitions.png in Resources */ = {isa = PBXBuildFile; fileRef = 20A67D198C414ADDAF50F334 /* transitions.png */; };
		7EDA7C263A584F6F9891BDD9 /* icon.png in Resources */ = {isa = PBXBuildFile; fileRef = ACAA90EF927E4799A6CAE21E /* icon.png */; };
		87C6EE937EBF48AB99A95189 /* splash.png in Resources */ = {isa = PBXBuildFile; fileRef = C42320DCDCBF45D4B9330213 /* splash.png */; };
		8891E870895249F897592658 /* SF-Pro-Text-Bold.otf in Resources */ = {isa = PBXBuildFile; fileRef = D2AB0D981CFC4FE7AD591591 /* SF-Pro-Text-Bold.otf */; };
		7C61E0493DC24264AA2404C3 /* SF-Pro-Text-Regular.otf in Resources */ = {isa = PBXBuildFile; fileRef = 7E0D701117CE4ADCB5D63602 /* SF-Pro-Text-Regular.otf */; };
		68DB1A7F29214117AC0A7CA7 /* SF-Pro-Text-Semibold.otf in Resources */ = {isa = PBXBuildFile; fileRef = F4EE66BF6C834F4C9BF07BBC /* SF-Pro-Text-Semibold.otf */; };
/* End PBXBuildFile section */

/* Begin PBXContainerItemProxy section */
		00E356F41AD99517003FC87E /* PBXContainerItemProxy */ = {
			isa = PBXContainerItemProxy;
			containerPortal = 83CBB9F71A601CBA00E9B192 /* Project object */;
			proxyType = 1;
			remoteGlobalIDString = 13B07F861A680F5B00A75B9A;
			remoteInfo = gesturesAndAnimationWorkshop;
		};
/* End PBXContainerItemProxy section */

/* Begin PBXFileReference section */
		00E356EE1AD99517003FC87E /* gesturesAndAnimationWorkshopTests.xctest */ = {isa = PBXFileReference; explicitFileType = wrapper.cfbundle; includeInIndex = 0; path = gesturesAndAnimationWorkshopTests.xctest; sourceTree = BUILT_PRODUCTS_DIR; };
		00E356F11AD99517003FC87E /* Info.plist */ = {isa = PBXFileReference; lastKnownFileType = text.plist.xml; path = Info.plist; sourceTree = "<group>"; };
		00E356F21AD99517003FC87E /* gesturesAndAnimationWorkshopTests.m */ = {isa = PBXFileReference; lastKnownFileType = sourcecode.c.objc; path = gesturesAndAnimationWorkshopTests.m; sourceTree = "<group>"; };
		0D5FDB4D611444BFCCF73020 /* libPods-gesturesAndAnimationWorkshop.a */ = {isa = PBXFileReference; explicitFileType = archive.ar; includeInIndex = 0; path = "libPods-gesturesAndAnimationWorkshop.a"; sourceTree = BUILT_PRODUCTS_DIR; };
		13B07F961A680F5B00A75B9A /* gesturesAndAnimationWorkshop.app */ = {isa = PBXFileReference; explicitFileType = wrapper.application; includeInIndex = 0; path = gesturesAndAnimationWorkshop.app; sourceTree = BUILT_PRODUCTS_DIR; };
		13B07FAF1A68108700A75B9A /* AppDelegate.h */ = {isa = PBXFileReference; fileEncoding = 4; lastKnownFileType = sourcecode.c.h; name = AppDelegate.h; path = gesturesAndAnimationWorkshop/AppDelegate.h; sourceTree = "<group>"; };
		13B07FB01A68108700A75B9A /* AppDelegate.m */ = {isa = PBXFileReference; fileEncoding = 4; lastKnownFileType = sourcecode.c.objc; name = AppDelegate.m; path = gesturesAndAnimationWorkshop/AppDelegate.m; sourceTree = "<group>"; };
		13B07FB51A68108700A75B9A /* Images.xcassets */ = {isa = PBXFileReference; lastKnownFileType = folder.assetcatalog; name = Images.xcassets; path = gesturesAndAnimationWorkshop/Images.xcassets; sourceTree = "<group>"; };
		13B07FB61A68108700A75B9A /* Info.plist */ = {isa = PBXFileReference; fileEncoding = 4; lastKnownFileType = text.plist.xml; name = Info.plist; path = gesturesAndAnimationWorkshop/Info.plist; sourceTree = "<group>"; };
		13B07FB71A68108700A75B9A /* main.m */ = {isa = PBXFileReference; fileEncoding = 4; lastKnownFileType = sourcecode.c.objc; name = main.m; path = gesturesAndAnimationWorkshop/main.m; sourceTree = "<group>"; };
		6982BFC1A3AF4CFBCF6FC073 /* libPods-gesturesAndAnimationWorkshop-gesturesAndAnimationWorkshopTests.a */ = {isa = PBXFileReference; explicitFileType = archive.ar; includeInIndex = 0; path = "libPods-gesturesAndAnimationWorkshop-gesturesAndAnimationWorkshopTests.a"; sourceTree = BUILT_PRODUCTS_DIR; };
		6F6A023B7624918C6F7A8D24 /* Pods-gesturesAndAnimationWorkshop.debug.xcconfig */ = {isa = PBXFileReference; includeInIndex = 1; lastKnownFileType = text.xcconfig; name = "Pods-gesturesAndAnimationWorkshop.debug.xcconfig"; path = "Target Support Files/Pods-gesturesAndAnimationWorkshop/Pods-gesturesAndAnimationWorkshop.debug.xcconfig"; sourceTree = "<group>"; };
		79079CBED32955FDBC1D4E2F /* Pods-gesturesAndAnimationWorkshop-gesturesAndAnimationWorkshopTests.release.xcconfig */ = {isa = PBXFileReference; includeInIndex = 1; lastKnownFileType = text.xcconfig; name = "Pods-gesturesAndAnimationWorkshop-gesturesAndAnimationWorkshopTests.release.xcconfig"; path = "Target Support Files/Pods-gesturesAndAnimationWorkshop-gesturesAndAnimationWorkshopTests/Pods-gesturesAndAnimationWorkshop-gesturesAndAnimationWorkshopTests.release.xcconfig"; sourceTree = "<group>"; };
		81AB9BB72411601600AC10FF /* LaunchScreen.storyboard */ = {isa = PBXFileReference; fileEncoding = 4; lastKnownFileType = file.storyboard; name = LaunchScreen.storyboard; path = gesturesAndAnimationWorkshop/LaunchScreen.storyboard; sourceTree = "<group>"; };
		882B10F3EEC1A6E89FD06AE5 /* Pods-gesturesAndAnimationWorkshop-gesturesAndAnimationWorkshopTests.debug.xcconfig */ = {isa = PBXFileReference; includeInIndex = 1; lastKnownFileType = text.xcconfig; name = "Pods-gesturesAndAnimationWorkshop-gesturesAndAnimationWorkshopTests.debug.xcconfig"; path = "Target Support Files/Pods-gesturesAndAnimationWorkshop-gesturesAndAnimationWorkshopTests/Pods-gesturesAndAnimationWorkshop-gesturesAndAnimationWorkshopTests.debug.xcconfig"; sourceTree = "<group>"; };
		D3E6B6D30764C00FF994FA51 /* Pods-gesturesAndAnimationWorkshop.release.xcconfig */ = {isa = PBXFileReference; includeInIndex = 1; lastKnownFileType = text.xcconfig; name = "Pods-gesturesAndAnimationWorkshop.release.xcconfig"; path = "Target Support Files/Pods-gesturesAndAnimationWorkshop/Pods-gesturesAndAnimationWorkshop.release.xcconfig"; sourceTree = "<group>"; };
		ED297162215061F000B7C4FE /* JavaScriptCore.framework */ = {isa = PBXFileReference; lastKnownFileType = wrapper.framework; name = JavaScriptCore.framework; path = System/Library/Frameworks/JavaScriptCore.framework; sourceTree = SDKROOT; };
		AC231810A27147E4AD4FF9AD /* card1.png */ = {isa = PBXFileReference; name = "card1.png"; path = "../assets/cards/card1.png"; sourceTree = "<group>"; fileEncoding = undefined; lastKnownFileType = unknown; explicitFileType = undefined; includeInIndex = 0; };
		5626E843A63042319A62D518 /* card2.png */ = {isa = PBXFileReference; name = "card2.png"; path = "../assets/cards/card2.png"; sourceTree = "<group>"; fileEncoding = undefined; lastKnownFileType = unknown; explicitFileType = undefined; includeInIndex = 0; };
		6D9D858D1E524906827CA63C /* card3.png */ = {isa = PBXFileReference; name = "card3.png"; path = "../assets/cards/card3.png"; sourceTree = "<group>"; fileEncoding = undefined; lastKnownFileType = unknown; explicitFileType = undefined; includeInIndex = 0; };
		7CB4434C1775421DB3E28EDE /* card4.png */ = {isa = PBXFileReference; name = "card4.png"; path = "../assets/cards/card4.png"; sourceTree = "<group>"; fileEncoding = undefined; lastKnownFileType = unknown; explicitFileType = undefined; includeInIndex = 0; };
		C015D94715784C34A0810CA1 /* card5.png */ = {isa = PBXFileReference; name = "card5.png"; path = "../assets/cards/card5.png"; sourceTree = "<group>"; fileEncoding = undefined; lastKnownFileType = unknown; explicitFileType = undefined; includeInIndex = 0; };
		E559259DF0CA40DEBB8EE962 /* card6.png */ = {isa = PBXFileReference; name = "card6.png"; path = "../assets/cards/card6.png"; sourceTree = "<group>"; fileEncoding = undefined; lastKnownFileType = unknown; explicitFileType = undefined; includeInIndex = 0; };
		908F31C76C03460996476AF1 /* animations.png */ = {isa = PBXFileReference; name = "animations.png"; path = "../assets/examples/animations.png"; sourceTree = "<group>"; fileEncoding = undefined; lastKnownFileType = unknown; explicitFileType = undefined; includeInIndex = 0; };
		8D3517B155004C70B3E53D60 /* gestures.png */ = {isa = PBXFileReference; name = "gestures.png"; path = "../assets/examples/gestures.png"; sourceTree = "<group>"; fileEncoding = undefined; lastKnownFileType = unknown; explicitFileType = undefined; includeInIndex = 0; };
		AADF6587DAE74BE1B91186DB /* heart-of-the-matter.png */ = {isa = PBXFileReference; name = "heart-of-the-matter.png"; path = "../assets/examples/heart-of-the-matter.png"; sourceTree = "<group>"; fileEncoding = undefined; lastKnownFileType = unknown; explicitFileType = undefined; includeInIndex = 0; };
		1F45B4EB9F304170B221432B /* svg-animations.png */ = {isa = PBXFileReference; name = "svg-animations.png"; path = "../assets/examples/svg-animations.png"; sourceTree = "<group>"; fileEncoding = undefined; lastKnownFileType = unknown; explicitFileType = undefined; includeInIndex = 0; };
		20A67D198C414ADDAF50F334 /* transitions.png */ = {isa = PBXFileReference; name = "transitions.png"; path = "../assets/examples/transitions.png"; sourceTree = "<group>"; fileEncoding = undefined; lastKnownFileType = unknown; explicitFileType = undefined; includeInIndex = 0; };
		ACAA90EF927E4799A6CAE21E /* icon.png */ = {isa = PBXFileReference; name = "icon.png"; path = "../assets/icon.png"; sourceTree = "<group>"; fileEncoding = undefined; lastKnownFileType = unknown; explicitFileType = undefined; includeInIndex = 0; };
		C42320DCDCBF45D4B9330213 /* splash.png */ = {isa = PBXFileReference; name = "splash.png"; path = "../assets/splash.png"; sourceTree = "<group>"; fileEncoding = undefined; lastKnownFileType = unknown; explicitFileType = undefined; includeInIndex = 0; };
		D2AB0D981CFC4FE7AD591591 /* SF-Pro-Text-Bold.otf */ = {isa = PBXFileReference; name = "SF-Pro-Text-Bold.otf"; path = "../assets/fonts/SF-Pro-Text-Bold.otf"; sourceTree = "<group>"; fileEncoding = undefined; lastKnownFileType = unknown; explicitFileType = undefined; includeInIndex = 0; };
		7E0D701117CE4ADCB5D63602 /* SF-Pro-Text-Regular.otf */ = {isa = PBXFileReference; name = "SF-Pro-Text-Regular.otf"; path = "../assets/fonts/SF-Pro-Text-Regular.otf"; sourceTree = "<group>"; fileEncoding = undefined; lastKnownFileType = unknown; explicitFileType = undefined; includeInIndex = 0; };
		F4EE66BF6C834F4C9BF07BBC /* SF-Pro-Text-Semibold.otf */ = {isa = PBXFileReference; name = "SF-Pro-Text-Semibold.otf"; path = "../assets/fonts/SF-Pro-Text-Semibold.otf"; sourceTree = "<group>"; fileEncoding = undefined; lastKnownFileType = unknown; explicitFileType = undefined; includeInIndex = 0; };
/* End PBXFileReference section */

/* Begin PBXFrameworksBuildPhase section */
		00E356EB1AD99517003FC87E /* Frameworks */ = {
			isa = PBXFrameworksBuildPhase;
			buildActionMask = 2147483647;
			files = (
				7FE592E96A899704FA7DA56E /* libPods-gesturesAndAnimationWorkshop-gesturesAndAnimationWorkshopTests.a in Frameworks */,
			);
			runOnlyForDeploymentPostprocessing = 0;
		};
		13B07F8C1A680F5B00A75B9A /* Frameworks */ = {
			isa = PBXFrameworksBuildPhase;
			buildActionMask = 2147483647;
			files = (
				06192F9653625E0536769E7D /* libPods-gesturesAndAnimationWorkshop.a in Frameworks */,
			);
			runOnlyForDeploymentPostprocessing = 0;
		};
/* End PBXFrameworksBuildPhase section */

/* Begin PBXGroup section */
		00E356EF1AD99517003FC87E /* gesturesAndAnimationWorkshopTests */ = {
			isa = PBXGroup;
			children = (
				00E356F21AD99517003FC87E /* gesturesAndAnimationWorkshopTests.m */,
				00E356F01AD99517003FC87E /* Supporting Files */,
			);
			path = gesturesAndAnimationWorkshopTests;
			sourceTree = "<group>";
		};
		00E356F01AD99517003FC87E /* Supporting Files */ = {
			isa = PBXGroup;
			children = (
				00E356F11AD99517003FC87E /* Info.plist */,
			);
			name = "Supporting Files";
			sourceTree = "<group>";
		};
		13B07FAE1A68108700A75B9A /* gesturesAndAnimationWorkshop */ = {
			isa = PBXGroup;
			children = (
				13B07FAF1A68108700A75B9A /* AppDelegate.h */,
				13B07FB01A68108700A75B9A /* AppDelegate.m */,
				13B07FB51A68108700A75B9A /* Images.xcassets */,
				13B07FB61A68108700A75B9A /* Info.plist */,
				81AB9BB72411601600AC10FF /* LaunchScreen.storyboard */,
				13B07FB71A68108700A75B9A /* main.m */,
			);
			name = gesturesAndAnimationWorkshop;
			sourceTree = "<group>";
		};
		2D16E6871FA4F8E400B85C8A /* Frameworks */ = {
			isa = PBXGroup;
			children = (
				ED297162215061F000B7C4FE /* JavaScriptCore.framework */,
				0D5FDB4D611444BFCCF73020 /* libPods-gesturesAndAnimationWorkshop.a */,
				6982BFC1A3AF4CFBCF6FC073 /* libPods-gesturesAndAnimationWorkshop-gesturesAndAnimationWorkshopTests.a */,
			);
			name = Frameworks;
			sourceTree = "<group>";
		};
		5B1A6A6E673A20EDD711A947 /* Pods */ = {
			isa = PBXGroup;
			children = (
				6F6A023B7624918C6F7A8D24 /* Pods-gesturesAndAnimationWorkshop.debug.xcconfig */,
				D3E6B6D30764C00FF994FA51 /* Pods-gesturesAndAnimationWorkshop.release.xcconfig */,
				882B10F3EEC1A6E89FD06AE5 /* Pods-gesturesAndAnimationWorkshop-gesturesAndAnimationWorkshopTests.debug.xcconfig */,
				79079CBED32955FDBC1D4E2F /* Pods-gesturesAndAnimationWorkshop-gesturesAndAnimationWorkshopTests.release.xcconfig */,
			);
			name = Pods;
			path = Pods;
			sourceTree = "<group>";
		};
		832341AE1AAA6A7D00B99B32 /* Libraries */ = {
			isa = PBXGroup;
			children = (
			);
			name = Libraries;
			sourceTree = "<group>";
		};
		83CBB9F61A601CBA00E9B192 = {
			isa = PBXGroup;
			children = (
				13B07FAE1A68108700A75B9A /* gesturesAndAnimationWorkshop */,
				832341AE1AAA6A7D00B99B32 /* Libraries */,
				00E356EF1AD99517003FC87E /* gesturesAndAnimationWorkshopTests */,
				83CBBA001A601CBA00E9B192 /* Products */,
				2D16E6871FA4F8E400B85C8A /* Frameworks */,
				5B1A6A6E673A20EDD711A947 /* Pods */,
				10DB73F6012C40B183CA43C1 /* Resources */,
			);
			indentWidth = 2;
			sourceTree = "<group>";
			tabWidth = 2;
			usesTabs = 0;
		};
		83CBBA001A601CBA00E9B192 /* Products */ = {
			isa = PBXGroup;
			children = (
				13B07F961A680F5B00A75B9A /* gesturesAndAnimationWorkshop.app */,
				00E356EE1AD99517003FC87E /* gesturesAndAnimationWorkshopTests.xctest */,
			);
			name = Products;
			sourceTree = "<group>";
		};
		10DB73F6012C40B183CA43C1 /* Resources */ = {
			isa = "PBXGroup";
			children = (
				AC231810A27147E4AD4FF9AD /* card1.png */,
				5626E843A63042319A62D518 /* card2.png */,
				6D9D858D1E524906827CA63C /* card3.png */,
				7CB4434C1775421DB3E28EDE /* card4.png */,
				C015D94715784C34A0810CA1 /* card5.png */,
				E559259DF0CA40DEBB8EE962 /* card6.png */,
				908F31C76C03460996476AF1 /* animations.png */,
				8D3517B155004C70B3E53D60 /* gestures.png */,
				AADF6587DAE74BE1B91186DB /* heart-of-the-matter.png */,
				1F45B4EB9F304170B221432B /* svg-animations.png */,
				20A67D198C414ADDAF50F334 /* transitions.png */,
				ACAA90EF927E4799A6CAE21E /* icon.png */,
				C42320DCDCBF45D4B9330213 /* splash.png */,
				D2AB0D981CFC4FE7AD591591 /* SF-Pro-Text-Bold.otf */,
				7E0D701117CE4ADCB5D63602 /* SF-Pro-Text-Regular.otf */,
				F4EE66BF6C834F4C9BF07BBC /* SF-Pro-Text-Semibold.otf */,
			);
			name = Resources;
			sourceTree = "<group>";
			path = "";
		};
/* End PBXGroup section */

/* Begin PBXNativeTarget section */
		00E356ED1AD99517003FC87E /* gesturesAndAnimationWorkshopTests */ = {
			isa = PBXNativeTarget;
			buildConfigurationList = 00E357021AD99517003FC87E /* Build configuration list for PBXNativeTarget "gesturesAndAnimationWorkshopTests" */;
			buildPhases = (
				4FE90AA556201852F33AB7D0 /* [CP] Check Pods Manifest.lock */,
				00E356EA1AD99517003FC87E /* Sources */,
				00E356EB1AD99517003FC87E /* Frameworks */,
				00E356EC1AD99517003FC87E /* Resources */,
				33125786C117ADED7EC5ADE4 /* [CP] Embed Pods Frameworks */,
				99BF4FF11632B5A2AE2800B3 /* [CP] Copy Pods Resources */,
			);
			buildRules = (
			);
			dependencies = (
				00E356F51AD99517003FC87E /* PBXTargetDependency */,
			);
			name = gesturesAndAnimationWorkshopTests;
			productName = gesturesAndAnimationWorkshopTests;
			productReference = 00E356EE1AD99517003FC87E /* gesturesAndAnimationWorkshopTests.xctest */;
			productType = "com.apple.product-type.bundle.unit-test";
		};
		13B07F861A680F5B00A75B9A /* gesturesAndAnimationWorkshop */ = {
			isa = PBXNativeTarget;
			buildConfigurationList = 13B07F931A680F5B00A75B9A /* Build configuration list for PBXNativeTarget "gesturesAndAnimationWorkshop" */;
			buildPhases = (
				02DF75DBDA6D7AE0B32EC944 /* [CP] Check Pods Manifest.lock */,
				FD10A7F022414F080027D42C /* Start Packager */,
				13B07F871A680F5B00A75B9A /* Sources */,
				13B07F8C1A680F5B00A75B9A /* Frameworks */,
				13B07F8E1A680F5B00A75B9A /* Resources */,
				00DD1BFF1BD5951E006B06BC /* Bundle React Native code and images */,
				96C4A873D4470E3A65B48881 /* [CP] Embed Pods Frameworks */,
				51DF543E647E6286E54DE17B /* [CP] Copy Pods Resources */,
			);
			buildRules = (
			);
			dependencies = (
			);
			name = gesturesAndAnimationWorkshop;
			productName = gesturesAndAnimationWorkshop;
			productReference = 13B07F961A680F5B00A75B9A /* gesturesAndAnimationWorkshop.app */;
			productType = "com.apple.product-type.application";
		};
/* End PBXNativeTarget section */

/* Begin PBXProject section */
		83CBB9F71A601CBA00E9B192 /* Project object */ = {
			isa = PBXProject;
			attributes = {
				LastUpgradeCheck = 1210;
				TargetAttributes = {
					00E356ED1AD99517003FC87E = {
						CreatedOnToolsVersion = 6.2;
						TestTargetID = 13B07F861A680F5B00A75B9A;
					};
					13B07F861A680F5B00A75B9A = {
						LastSwiftMigration = 1120;
					};
				};
			};
			buildConfigurationList = 83CBB9FA1A601CBA00E9B192 /* Build configuration list for PBXProject "gesturesAndAnimationWorkshop" */;
			compatibilityVersion = "Xcode 12.0";
			developmentRegion = en;
			hasScannedForEncodings = 0;
			knownRegions = (
				en,
				Base,
			);
			mainGroup = 83CBB9F61A601CBA00E9B192;
			productRefGroup = 83CBBA001A601CBA00E9B192 /* Products */;
			projectDirPath = "";
			projectRoot = "";
			targets = (
				13B07F861A680F5B00A75B9A /* gesturesAndAnimationWorkshop */,
				00E356ED1AD99517003FC87E /* gesturesAndAnimationWorkshopTests */,
			);
		};
/* End PBXProject section */

/* Begin PBXResourcesBuildPhase section */
		00E356EC1AD99517003FC87E /* Resources */ = {
			isa = PBXResourcesBuildPhase;
			buildActionMask = 2147483647;
			files = (
			);
			runOnlyForDeploymentPostprocessing = 0;
		};
		13B07F8E1A680F5B00A75B9A /* Resources */ = {
			isa = PBXResourcesBuildPhase;
			buildActionMask = 2147483647;
			files = (
				81AB9BB82411601600AC10FF /* LaunchScreen.storyboard in Resources */,
				13B07FBF1A68108700A75B9A /* Images.xcassets in Resources */,
				EC5BB33847BF43BB9E42C9F1 /* card1.png in Resources */,
				B42B0BBB43D847A2B28366C2 /* card2.png in Resources */,
				8013B157149E421D9513CADD /* card3.png in Resources */,
				85A64842AA7B4AEBBBF58EF9 /* card4.png in Resources */,
				660A474AAD394615973D242B /* card5.png in Resources */,
				F8EF8C6557884AE982AE5510 /* card6.png in Resources */,
				5B89B0F0139A4DF695F582BA /* animations.png in Resources */,
				724F534AA3FE4C3BB3D8CFF7 /* gestures.png in Resources */,
				EA46C5B02277499EA8C5A508 /* heart-of-the-matter.png in Resources */,
				EE77CAA3397646F4BFFA600E /* svg-animations.png in Resources */,
				D956EA3B951A4D81AD7DE108 /* transitions.png in Resources */,
				7EDA7C263A584F6F9891BDD9 /* icon.png in Resources */,
				87C6EE937EBF48AB99A95189 /* splash.png in Resources */,
				8891E870895249F897592658 /* SF-Pro-Text-Bold.otf in Resources */,
				7C61E0493DC24264AA2404C3 /* SF-Pro-Text-Regular.otf in Resources */,
				68DB1A7F29214117AC0A7CA7 /* SF-Pro-Text-Semibold.otf in Resources */,
			);
			runOnlyForDeploymentPostprocessing = 0;
		};
/* End PBXResourcesBuildPhase section */

/* Begin PBXShellScriptBuildPhase section */
		00DD1BFF1BD5951E006B06BC /* Bundle React Native code and images */ = {
			isa = PBXShellScriptBuildPhase;
			buildActionMask = 2147483647;
			files = (
			);
			inputPaths = (
			);
			name = "Bundle React Native code and images";
			outputPaths = (
			);
			runOnlyForDeploymentPostprocessing = 0;
			shellPath = /bin/sh;
			shellScript = "set -e\n\nexport NODE_BINARY=node\n../node_modules/react-native/scripts/react-native-xcode.sh\n";
		};
		02DF75DBDA6D7AE0B32EC944 /* [CP] Check Pods Manifest.lock */ = {
			isa = PBXShellScriptBuildPhase;
			buildActionMask = 2147483647;
			files = (
			);
			inputFileListPaths = (
			);
			inputPaths = (
				"${PODS_PODFILE_DIR_PATH}/Podfile.lock",
				"${PODS_ROOT}/Manifest.lock",
			);
			name = "[CP] Check Pods Manifest.lock";
			outputFileListPaths = (
			);
			outputPaths = (
				"$(DERIVED_FILE_DIR)/Pods-gesturesAndAnimationWorkshop-checkManifestLockResult.txt",
			);
			runOnlyForDeploymentPostprocessing = 0;
			shellPath = /bin/sh;
			shellScript = "diff \"${PODS_PODFILE_DIR_PATH}/Podfile.lock\" \"${PODS_ROOT}/Manifest.lock\" > /dev/null\nif [ $? != 0 ] ; then\n    # print error to STDERR\n    echo \"error: The sandbox is not in sync with the Podfile.lock. Run 'pod install' or update your CocoaPods installation.\" >&2\n    exit 1\nfi\n# This output is used by Xcode 'outputs' to avoid re-running this script phase.\necho \"SUCCESS\" > \"${SCRIPT_OUTPUT_FILE_0}\"\n";
			showEnvVarsInLog = 0;
		};
		33125786C117ADED7EC5ADE4 /* [CP] Embed Pods Frameworks */ = {
			isa = PBXShellScriptBuildPhase;
			buildActionMask = 2147483647;
			files = (
			);
			inputFileListPaths = (
				"${PODS_ROOT}/Target Support Files/Pods-gesturesAndAnimationWorkshop-gesturesAndAnimationWorkshopTests/Pods-gesturesAndAnimationWorkshop-gesturesAndAnimationWorkshopTests-frameworks-${CONFIGURATION}-input-files.xcfilelist",
			);
			name = "[CP] Embed Pods Frameworks";
			outputFileListPaths = (
				"${PODS_ROOT}/Target Support Files/Pods-gesturesAndAnimationWorkshop-gesturesAndAnimationWorkshopTests/Pods-gesturesAndAnimationWorkshop-gesturesAndAnimationWorkshopTests-frameworks-${CONFIGURATION}-output-files.xcfilelist",
			);
			runOnlyForDeploymentPostprocessing = 0;
			shellPath = /bin/sh;
			shellScript = "\"${PODS_ROOT}/Target Support Files/Pods-gesturesAndAnimationWorkshop-gesturesAndAnimationWorkshopTests/Pods-gesturesAndAnimationWorkshop-gesturesAndAnimationWorkshopTests-frameworks.sh\"\n";
			showEnvVarsInLog = 0;
		};
		4FE90AA556201852F33AB7D0 /* [CP] Check Pods Manifest.lock */ = {
			isa = PBXShellScriptBuildPhase;
			buildActionMask = 2147483647;
			files = (
			);
			inputFileListPaths = (
			);
			inputPaths = (
				"${PODS_PODFILE_DIR_PATH}/Podfile.lock",
				"${PODS_ROOT}/Manifest.lock",
			);
			name = "[CP] Check Pods Manifest.lock";
			outputFileListPaths = (
			);
			outputPaths = (
				"$(DERIVED_FILE_DIR)/Pods-gesturesAndAnimationWorkshop-gesturesAndAnimationWorkshopTests-checkManifestLockResult.txt",
			);
			runOnlyForDeploymentPostprocessing = 0;
			shellPath = /bin/sh;
			shellScript = "diff \"${PODS_PODFILE_DIR_PATH}/Podfile.lock\" \"${PODS_ROOT}/Manifest.lock\" > /dev/null\nif [ $? != 0 ] ; then\n    # print error to STDERR\n    echo \"error: The sandbox is not in sync with the Podfile.lock. Run 'pod install' or update your CocoaPods installation.\" >&2\n    exit 1\nfi\n# This output is used by Xcode 'outputs' to avoid re-running this script phase.\necho \"SUCCESS\" > \"${SCRIPT_OUTPUT_FILE_0}\"\n";
			showEnvVarsInLog = 0;
		};
		51DF543E647E6286E54DE17B /* [CP] Copy Pods Resources */ = {
			isa = PBXShellScriptBuildPhase;
			buildActionMask = 2147483647;
			files = (
			);
			inputFileListPaths = (
				"${PODS_ROOT}/Target Support Files/Pods-gesturesAndAnimationWorkshop/Pods-gesturesAndAnimationWorkshop-resources-${CONFIGURATION}-input-files.xcfilelist",
			);
			name = "[CP] Copy Pods Resources";
			outputFileListPaths = (
				"${PODS_ROOT}/Target Support Files/Pods-gesturesAndAnimationWorkshop/Pods-gesturesAndAnimationWorkshop-resources-${CONFIGURATION}-output-files.xcfilelist",
			);
			runOnlyForDeploymentPostprocessing = 0;
			shellPath = /bin/sh;
			shellScript = "\"${PODS_ROOT}/Target Support Files/Pods-gesturesAndAnimationWorkshop/Pods-gesturesAndAnimationWorkshop-resources.sh\"\n";
			showEnvVarsInLog = 0;
		};
		96C4A873D4470E3A65B48881 /* [CP] Embed Pods Frameworks */ = {
			isa = PBXShellScriptBuildPhase;
			buildActionMask = 2147483647;
			files = (
			);
			inputFileListPaths = (
				"${PODS_ROOT}/Target Support Files/Pods-gesturesAndAnimationWorkshop/Pods-gesturesAndAnimationWorkshop-frameworks-${CONFIGURATION}-input-files.xcfilelist",
			);
			name = "[CP] Embed Pods Frameworks";
			outputFileListPaths = (
				"${PODS_ROOT}/Target Support Files/Pods-gesturesAndAnimationWorkshop/Pods-gesturesAndAnimationWorkshop-frameworks-${CONFIGURATION}-output-files.xcfilelist",
			);
			runOnlyForDeploymentPostprocessing = 0;
			shellPath = /bin/sh;
			shellScript = "\"${PODS_ROOT}/Target Support Files/Pods-gesturesAndAnimationWorkshop/Pods-gesturesAndAnimationWorkshop-frameworks.sh\"\n";
			showEnvVarsInLog = 0;
		};
		99BF4FF11632B5A2AE2800B3 /* [CP] Copy Pods Resources */ = {
			isa = PBXShellScriptBuildPhase;
			buildActionMask = 2147483647;
			files = (
			);
			inputFileListPaths = (
				"${PODS_ROOT}/Target Support Files/Pods-gesturesAndAnimationWorkshop-gesturesAndAnimationWorkshopTests/Pods-gesturesAndAnimationWorkshop-gesturesAndAnimationWorkshopTests-resources-${CONFIGURATION}-input-files.xcfilelist",
			);
			name = "[CP] Copy Pods Resources";
			outputFileListPaths = (
				"${PODS_ROOT}/Target Support Files/Pods-gesturesAndAnimationWorkshop-gesturesAndAnimationWorkshopTests/Pods-gesturesAndAnimationWorkshop-gesturesAndAnimationWorkshopTests-resources-${CONFIGURATION}-output-files.xcfilelist",
			);
			runOnlyForDeploymentPostprocessing = 0;
			shellPath = /bin/sh;
			shellScript = "\"${PODS_ROOT}/Target Support Files/Pods-gesturesAndAnimationWorkshop-gesturesAndAnimationWorkshopTests/Pods-gesturesAndAnimationWorkshop-gesturesAndAnimationWorkshopTests-resources.sh\"\n";
			showEnvVarsInLog = 0;
		};
		FD10A7F022414F080027D42C /* Start Packager */ = {
			isa = PBXShellScriptBuildPhase;
			buildActionMask = 2147483647;
			files = (
			);
			inputFileListPaths = (
			);
			inputPaths = (
			);
			name = "Start Packager";
			outputFileListPaths = (
			);
			outputPaths = (
			);
			runOnlyForDeploymentPostprocessing = 0;
			shellPath = /bin/sh;
			shellScript = "export RCT_METRO_PORT=\"${RCT_METRO_PORT:=8081}\"\necho \"export RCT_METRO_PORT=${RCT_METRO_PORT}\" > \"${SRCROOT}/../node_modules/react-native/scripts/.packager.env\"\nif [ -z \"${RCT_NO_LAUNCH_PACKAGER+xxx}\" ] ; then\n  if nc -w 5 -z localhost ${RCT_METRO_PORT} ; then\n    if ! curl -s \"http://localhost:${RCT_METRO_PORT}/status\" | grep -q \"packager-status:running\" ; then\n      echo \"Port ${RCT_METRO_PORT} already in use, packager is either not running or not running correctly\"\n      exit 2\n    fi\n  else\n    open \"$SRCROOT/../node_modules/react-native/scripts/launchPackager.command\" || echo \"Can't start packager automatically\"\n  fi\nfi\n";
			showEnvVarsInLog = 0;
		};
/* End PBXShellScriptBuildPhase section */

/* Begin PBXSourcesBuildPhase section */
		00E356EA1AD99517003FC87E /* Sources */ = {
			isa = PBXSourcesBuildPhase;
			buildActionMask = 2147483647;
			files = (
				00E356F31AD99517003FC87E /* gesturesAndAnimationWorkshopTests.m in Sources */,
			);
			runOnlyForDeploymentPostprocessing = 0;
		};
		13B07F871A680F5B00A75B9A /* Sources */ = {
			isa = PBXSourcesBuildPhase;
			buildActionMask = 2147483647;
			files = (
				13B07FBC1A68108700A75B9A /* AppDelegate.m in Sources */,
				13B07FC11A68108700A75B9A /* main.m in Sources */,
			);
			runOnlyForDeploymentPostprocessing = 0;
		};
/* End PBXSourcesBuildPhase section */

/* Begin PBXTargetDependency section */
		00E356F51AD99517003FC87E /* PBXTargetDependency */ = {
			isa = PBXTargetDependency;
			target = 13B07F861A680F5B00A75B9A /* gesturesAndAnimationWorkshop */;
			targetProxy = 00E356F41AD99517003FC87E /* PBXContainerItemProxy */;
		};
/* End PBXTargetDependency section */

/* Begin XCBuildConfiguration section */
		00E356F61AD99517003FC87E /* Debug */ = {
			isa = XCBuildConfiguration;
			baseConfigurationReference = 882B10F3EEC1A6E89FD06AE5 /* Pods-gesturesAndAnimationWorkshop-gesturesAndAnimationWorkshopTests.debug.xcconfig */;
			buildSettings = {
				BUNDLE_LOADER = "$(TEST_HOST)";
				GCC_PREPROCESSOR_DEFINITIONS = (
					"DEBUG=1",
					"$(inherited)",
				);
				INFOPLIST_FILE = gesturesAndAnimationWorkshopTests/Info.plist;
				IPHONEOS_DEPLOYMENT_TARGET = 10.0;
				LD_RUNPATH_SEARCH_PATHS = (
					"$(inherited)",
					"@executable_path/Frameworks",
					"@loader_path/Frameworks",
				);
				OTHER_LDFLAGS = (
					"-ObjC",
					"-lc++",
					"$(inherited)",
				);
				PRODUCT_BUNDLE_IDENTIFIER = "org.reactjs.native.example.$(PRODUCT_NAME:rfc1034identifier)";
				PRODUCT_NAME = "$(TARGET_NAME)";
				TEST_HOST = "$(BUILT_PRODUCTS_DIR)/gesturesAndAnimationWorkshop.app/gesturesAndAnimationWorkshop";
			};
			name = Debug;
		};
		00E356F71AD99517003FC87E /* Release */ = {
			isa = XCBuildConfiguration;
			baseConfigurationReference = 79079CBED32955FDBC1D4E2F /* Pods-gesturesAndAnimationWorkshop-gesturesAndAnimationWorkshopTests.release.xcconfig */;
			buildSettings = {
				BUNDLE_LOADER = "$(TEST_HOST)";
				COPY_PHASE_STRIP = NO;
				INFOPLIST_FILE = gesturesAndAnimationWorkshopTests/Info.plist;
				IPHONEOS_DEPLOYMENT_TARGET = 10.0;
				LD_RUNPATH_SEARCH_PATHS = (
					"$(inherited)",
					"@executable_path/Frameworks",
					"@loader_path/Frameworks",
				);
				OTHER_LDFLAGS = (
					"-ObjC",
					"-lc++",
					"$(inherited)",
				);
				PRODUCT_BUNDLE_IDENTIFIER = "org.reactjs.native.example.$(PRODUCT_NAME:rfc1034identifier)";
				PRODUCT_NAME = "$(TARGET_NAME)";
				TEST_HOST = "$(BUILT_PRODUCTS_DIR)/gesturesAndAnimationWorkshop.app/gesturesAndAnimationWorkshop";
			};
			name = Release;
		};
		13B07F941A680F5B00A75B9A /* Debug */ = {
			isa = XCBuildConfiguration;
			baseConfigurationReference = 6F6A023B7624918C6F7A8D24 /* Pods-gesturesAndAnimationWorkshop.debug.xcconfig */;
			buildSettings = {
				ASSETCATALOG_COMPILER_APPICON_NAME = AppIcon;
				CLANG_ENABLE_MODULES = YES;
				CURRENT_PROJECT_VERSION = 1;
				ENABLE_BITCODE = NO;
				INFOPLIST_FILE = gesturesAndAnimationWorkshop/Info.plist;
				LD_RUNPATH_SEARCH_PATHS = (
					"$(inherited)",
					"@executable_path/Frameworks",
				);
				OTHER_LDFLAGS = (
					"$(inherited)",
					"-ObjC",
					"-lc++",
				);
				PRODUCT_BUNDLE_IDENTIFIER = "org.reactjs.native.example.$(PRODUCT_NAME:rfc1034identifier)";
				PRODUCT_NAME = gesturesAndAnimationWorkshop;
				SWIFT_OPTIMIZATION_LEVEL = "-Onone";
				SWIFT_VERSION = 5.0;
				VERSIONING_SYSTEM = "apple-generic";
			};
			name = Debug;
		};
		13B07F951A680F5B00A75B9A /* Release */ = {
			isa = XCBuildConfiguration;
			baseConfigurationReference = D3E6B6D30764C00FF994FA51 /* Pods-gesturesAndAnimationWorkshop.release.xcconfig */;
			buildSettings = {
				ASSETCATALOG_COMPILER_APPICON_NAME = AppIcon;
				CLANG_ENABLE_MODULES = YES;
				CURRENT_PROJECT_VERSION = 1;
				INFOPLIST_FILE = gesturesAndAnimationWorkshop/Info.plist;
				LD_RUNPATH_SEARCH_PATHS = (
					"$(inherited)",
					"@executable_path/Frameworks",
				);
				OTHER_LDFLAGS = (
					"$(inherited)",
					"-ObjC",
					"-lc++",
				);
				PRODUCT_BUNDLE_IDENTIFIER = "org.reactjs.native.example.$(PRODUCT_NAME:rfc1034identifier)";
				PRODUCT_NAME = gesturesAndAnimationWorkshop;
				SWIFT_VERSION = 5.0;
				VERSIONING_SYSTEM = "apple-generic";
			};
			name = Release;
		};
		83CBBA201A601CBA00E9B192 /* Debug */ = {
			isa = XCBuildConfiguration;
			buildSettings = {
				ALWAYS_SEARCH_USER_PATHS = NO;
				CLANG_ANALYZER_LOCALIZABILITY_NONLOCALIZED = YES;
				CLANG_CXX_LANGUAGE_STANDARD = "gnu++0x";
				CLANG_CXX_LIBRARY = "libc++";
				CLANG_ENABLE_MODULES = YES;
				CLANG_ENABLE_OBJC_ARC = YES;
				CLANG_WARN_BLOCK_CAPTURE_AUTORELEASING = YES;
				CLANG_WARN_BOOL_CONVERSION = YES;
				CLANG_WARN_COMMA = YES;
				CLANG_WARN_CONSTANT_CONVERSION = YES;
				CLANG_WARN_DEPRECATED_OBJC_IMPLEMENTATIONS = YES;
				CLANG_WARN_DIRECT_OBJC_ISA_USAGE = YES_ERROR;
				CLANG_WARN_EMPTY_BODY = YES;
				CLANG_WARN_ENUM_CONVERSION = YES;
				CLANG_WARN_INFINITE_RECURSION = YES;
				CLANG_WARN_INT_CONVERSION = YES;
				CLANG_WARN_NON_LITERAL_NULL_CONVERSION = YES;
				CLANG_WARN_OBJC_IMPLICIT_RETAIN_SELF = YES;
				CLANG_WARN_OBJC_LITERAL_CONVERSION = YES;
				CLANG_WARN_OBJC_ROOT_CLASS = YES_ERROR;
				CLANG_WARN_QUOTED_INCLUDE_IN_FRAMEWORK_HEADER = YES;
				CLANG_WARN_RANGE_LOOP_ANALYSIS = YES;
				CLANG_WARN_STRICT_PROTOTYPES = YES;
				CLANG_WARN_SUSPICIOUS_MOVE = YES;
				CLANG_WARN_UNREACHABLE_CODE = YES;
				CLANG_WARN__DUPLICATE_METHOD_MATCH = YES;
				"CODE_SIGN_IDENTITY[sdk=iphoneos*]" = "iPhone Developer";
				COPY_PHASE_STRIP = NO;
				ENABLE_STRICT_OBJC_MSGSEND = YES;
				ENABLE_TESTABILITY = YES;
				"EXCLUDED_ARCHS[sdk=iphonesimulator*]" = "arm64 ";
				GCC_C_LANGUAGE_STANDARD = gnu99;
				GCC_DYNAMIC_NO_PIC = NO;
				GCC_NO_COMMON_BLOCKS = YES;
				GCC_OPTIMIZATION_LEVEL = 0;
				GCC_PREPROCESSOR_DEFINITIONS = (
					"DEBUG=1",
					"$(inherited)",
				);
				GCC_SYMBOLS_PRIVATE_EXTERN = NO;
				GCC_WARN_64_TO_32_BIT_CONVERSION = YES;
				GCC_WARN_ABOUT_RETURN_TYPE = YES_ERROR;
				GCC_WARN_UNDECLARED_SELECTOR = YES;
				GCC_WARN_UNINITIALIZED_AUTOS = YES_AGGRESSIVE;
				GCC_WARN_UNUSED_FUNCTION = YES;
				GCC_WARN_UNUSED_VARIABLE = YES;
				IPHONEOS_DEPLOYMENT_TARGET = 10.0;
				LD_RUNPATH_SEARCH_PATHS = (
					/usr/lib/swift,
					"$(inherited)",
				);
				LIBRARY_SEARCH_PATHS = (
					"\"$(TOOLCHAIN_DIR)/usr/lib/swift/$(PLATFORM_NAME)\"",
					"\"$(TOOLCHAIN_DIR)/usr/lib/swift-5.0/$(PLATFORM_NAME)\"",
					"\"$(inherited)\"",
				);
				MTL_ENABLE_DEBUG_INFO = YES;
				ONLY_ACTIVE_ARCH = YES;
				SDKROOT = iphoneos;
			};
			name = Debug;
		};
		83CBBA211A601CBA00E9B192 /* Release */ = {
			isa = XCBuildConfiguration;
			buildSettings = {
				ALWAYS_SEARCH_USER_PATHS = NO;
				CLANG_ANALYZER_LOCALIZABILITY_NONLOCALIZED = YES;
				CLANG_CXX_LANGUAGE_STANDARD = "gnu++0x";
				CLANG_CXX_LIBRARY = "libc++";
				CLANG_ENABLE_MODULES = YES;
				CLANG_ENABLE_OBJC_ARC = YES;
				CLANG_WARN_BLOCK_CAPTURE_AUTORELEASING = YES;
				CLANG_WARN_BOOL_CONVERSION = YES;
				CLANG_WARN_COMMA = YES;
				CLANG_WARN_CONSTANT_CONVERSION = YES;
				CLANG_WARN_DEPRECATED_OBJC_IMPLEMENTATIONS = YES;
				CLANG_WARN_DIRECT_OBJC_ISA_USAGE = YES_ERROR;
				CLANG_WARN_EMPTY_BODY = YES;
				CLANG_WARN_ENUM_CONVERSION = YES;
				CLANG_WARN_INFINITE_RECURSION = YES;
				CLANG_WARN_INT_CONVERSION = YES;
				CLANG_WARN_NON_LITERAL_NULL_CONVERSION = YES;
				CLANG_WARN_OBJC_IMPLICIT_RETAIN_SELF = YES;
				CLANG_WARN_OBJC_LITERAL_CONVERSION = YES;
				CLANG_WARN_OBJC_ROOT_CLASS = YES_ERROR;
				CLANG_WARN_QUOTED_INCLUDE_IN_FRAMEWORK_HEADER = YES;
				CLANG_WARN_RANGE_LOOP_ANALYSIS = YES;
				CLANG_WARN_STRICT_PROTOTYPES = YES;
				CLANG_WARN_SUSPICIOUS_MOVE = YES;
				CLANG_WARN_UNREACHABLE_CODE = YES;
				CLANG_WARN__DUPLICATE_METHOD_MATCH = YES;
				"CODE_SIGN_IDENTITY[sdk=iphoneos*]" = "iPhone Developer";
				COPY_PHASE_STRIP = YES;
				ENABLE_NS_ASSERTIONS = NO;
				ENABLE_STRICT_OBJC_MSGSEND = YES;
				"EXCLUDED_ARCHS[sdk=iphonesimulator*]" = "arm64 ";
				GCC_C_LANGUAGE_STANDARD = gnu99;
				GCC_NO_COMMON_BLOCKS = YES;
				GCC_WARN_64_TO_32_BIT_CONVERSION = YES;
				GCC_WARN_ABOUT_RETURN_TYPE = YES_ERROR;
				GCC_WARN_UNDECLARED_SELECTOR = YES;
				GCC_WARN_UNINITIALIZED_AUTOS = YES_AGGRESSIVE;
				GCC_WARN_UNUSED_FUNCTION = YES;
				GCC_WARN_UNUSED_VARIABLE = YES;
				IPHONEOS_DEPLOYMENT_TARGET = 10.0;
				LD_RUNPATH_SEARCH_PATHS = (
					/usr/lib/swift,
					"$(inherited)",
				);
				LIBRARY_SEARCH_PATHS = (
					"\"$(TOOLCHAIN_DIR)/usr/lib/swift/$(PLATFORM_NAME)\"",
					"\"$(TOOLCHAIN_DIR)/usr/lib/swift-5.0/$(PLATFORM_NAME)\"",
					"\"$(inherited)\"",
				);
				MTL_ENABLE_DEBUG_INFO = NO;
				SDKROOT = iphoneos;
				VALIDATE_PRODUCT = YES;
			};
			name = Release;
		};
/* End XCBuildConfiguration section */

/* Begin XCConfigurationList section */
		00E357021AD99517003FC87E /* Build configuration list for PBXNativeTarget "gesturesAndAnimationWorkshopTests" */ = {
			isa = XCConfigurationList;
			buildConfigurations = (
				00E356F61AD99517003FC87E /* Debug */,
				00E356F71AD99517003FC87E /* Release */,
			);
			defaultConfigurationIsVisible = 0;
			defaultConfigurationName = Release;
		};
		13B07F931A680F5B00A75B9A /* Build configuration list for PBXNativeTarget "gesturesAndAnimationWorkshop" */ = {
			isa = XCConfigurationList;
			buildConfigurations = (
				13B07F941A680F5B00A75B9A /* Debug */,
				13B07F951A680F5B00A75B9A /* Release */,
			);
			defaultConfigurationIsVisible = 0;
			defaultConfigurationName = Release;
		};
		83CBB9FA1A601CBA00E9B192 /* Build configuration list for PBXProject "gesturesAndAnimationWorkshop" */ = {
			isa = XCConfigurationList;
			buildConfigurations = (
				83CBBA201A601CBA00E9B192 /* Debug */,
				83CBBA211A601CBA00E9B192 /* Release */,
			);
			defaultConfigurationIsVisible = 0;
			defaultConfigurationName = Release;
		};
/* End XCConfigurationList section */
	};
	rootObject = 83CBB9F71A601CBA00E9B192 /* Project object */;
}
